
Microsoft Visual Studio Solution File, Format Version 12.00
# Visual Studio Version 17
VisualStudioVersion = 17.0.31903.59
MinimumVisualStudioVersion = 10.0.40219.1
Project("{FAE04EC0-301F-11D3-BF4B-00C04F79EFBC}") = "NewYearTree", "NewYearTree\NewYearTree.csproj", "{6270BAF9-DAE4-4BC9-863E-914FD22956DD}"
EndProject
Global
	GlobalSection(SolutionConfigurationPlatforms) = preSolution
		Debug|Any CPU = Debug|Any CPU
		Release|Any CPU = Release|Any CPU
	EndGlobalSection
	GlobalSection(ProjectConfigurationPlatforms) = postSolution
		{6270BAF9-DAE4-4BC9-863E-914FD22956DD}.Debug|Any CPU.ActiveCfg = Debug|Any CPU
		{6270BAF9-DAE4-4BC9-863E-914FD22956DD}.Debug|Any CPU.Build.0 = Debug|Any CPU
		{6270BAF9-DAE4-4BC9-863E-914FD22956DD}.Release|Any CPU.ActiveCfg = Release|Any CPU
		{6270BAF9-DAE4-4BC9-863E-914FD22956DD}.Release|Any CPU.Build.0 = Release|Any CPU
	EndGlobalSection
	GlobalSection(SolutionProperties) = preSolution
		HideSolutionNode = FALSE
	EndGlobalSection
	GlobalSection(ExtensibilityGlobals) = postSolution
		SolutionGuid = {5690E0A5-EC2B-4E16-B5B5-8C50833FAD2E}
	EndGlobalSection
EndGlobal
